
Microsoft Visual Studio Solution File, Format Version 12.00
# Visual Studio Version 17
VisualStudioVersion = 17.0.32014.148
MinimumVisualStudioVersion = 10.0.40219.1
Project("{FAE04EC0-301F-11D3-BF4B-00C04F79EFBC}") = "WindowsFormsApp1", "WindowsFormsApp1\WindowsFormsApp1.csproj", "{DAB46B04-AD80-4F88-9842-733E39A9BA82}"
EndProject
Global
	GlobalSection(SolutionConfigurationPlatforms) = preSolution
		Debug|Any CPU = Debug|Any CPU
		Release|Any CPU = Release|Any CPU
	EndGlobalSection
	GlobalSection(ProjectConfigurationPlatforms) = postSolution
		{DAB46B04-AD80-4F88-9842-733E39A9BA82}.Debug|Any CPU.ActiveCfg = Debug|Any CPU
		{DAB46B04-AD80-4F88-9842-733E39A9BA82}.Debug|Any CPU.Build.0 = Debug|Any CPU
		{DAB46B04-AD80-4F88-9842-733E39A9BA82}.Release|Any CPU.ActiveCfg = Release|Any CPU
		{DAB46B04-AD80-4F88-9842-733E39A9BA82}.Release|Any CPU.Build.0 = Release|Any CPU
	EndGlobalSection
	GlobalSection(SolutionProperties) = preSolution
		HideSolutionNode = FALSE
	EndGlobalSection
	GlobalSection(ExtensibilityGlobals) = postSolution
		SolutionGuid = {4F52237B-747A-404A-9291-C3F4FB3D195D}
	EndGlobalSection
EndGlobal
